
Microsoft Visual Studio Solution File, Format Version 12.00
# Visual Studio 14
VisualStudioVersion = 14.0.25420.1
MinimumVisualStudioVersion = 10.0.40219.1
Project("{FAE04EC0-301F-11D3-BF4B-00C04F79EFBC}") = "Xamarin_Solr", "Xamarin_Solr\Xamarin_Solr\Xamarin_Solr.csproj", "{80A93F94-301F-4BE2-8F05-77F3EEC1994F}"
EndProject
Project("{FAE04EC0-301F-11D3-BF4B-00C04F79EFBC}") = "Xamarin_Solr.Droid", "Xamarin_Solr\Xamarin_Solr.Droid\Xamarin_Solr.Droid.csproj", "{941E2A72-1B87-48C0-B05F-7F6D88267D5D}"
EndProject
Project("{FAE04EC0-301F-11D3-BF4B-00C04F79EFBC}") = "Xamarin_Solr.iOS", "Xamarin_Solr\Xamarin_Solr.iOS\Xamarin_Solr.iOS.csproj", "{64CA2445-F6A7-4165-94B6-25A3451E7E5D}"
EndProject
Project("{FAE04EC0-301F-11D3-BF4B-00C04F79EFBC}") = "Xamarin_Solr.WinPhone", "Xamarin_Solr\Xamarin_Solr.WinPhone\Xamarin_Solr.WinPhone.csproj", "{03881151-0AFC-438A-B501-2A03B84F54BF}"
EndProject
Project("{FAE04EC0-301F-11D3-BF4B-00C04F79EFBC}") = "Xamarin_Solr.Windows", "Xamarin_Solr\Xamarin_Solr.Windows\Xamarin_Solr.Windows.csproj", "{B40FCE6A-097F-43DB-8C49-35C3A90A900C}"
EndProject
Global
	GlobalSection(SolutionConfigurationPlatforms) = preSolution
		Ad-Hoc|Any CPU = Ad-Hoc|Any CPU
		Ad-Hoc|ARM = Ad-Hoc|ARM
		Ad-Hoc|iPhone = Ad-Hoc|iPhone
		Ad-Hoc|iPhoneSimulator = Ad-Hoc|iPhoneSimulator
		Ad-Hoc|x64 = Ad-Hoc|x64
		Ad-Hoc|x86 = Ad-Hoc|x86
		AppStore|Any CPU = AppStore|Any CPU
		AppStore|ARM = AppStore|ARM
		AppStore|iPhone = AppStore|iPhone
		AppStore|iPhoneSimulator = AppStore|iPhoneSimulator
		AppStore|x64 = AppStore|x64
		AppStore|x86 = AppStore|x86
		Debug|Any CPU = Debug|Any CPU
		Debug|ARM = Debug|ARM
		Debug|iPhone = Debug|iPhone
		Debug|iPhoneSimulator = Debug|iPhoneSimulator
		Debug|x64 = Debug|x64
		Debug|x86 = Debug|x86
		Release|Any CPU = Release|Any CPU
		Release|ARM = Release|ARM
		Release|iPhone = Release|iPhone
		Release|iPhoneSimulator = Release|iPhoneSimulator
		Release|x64 = Release|x64
		Release|x86 = Release|x86
	EndGlobalSection
	GlobalSection(ProjectConfigurationPlatforms) = postSolution
		{80A93F94-301F-4BE2-8F05-77F3EEC1994F}.Ad-Hoc|Any CPU.ActiveCfg = Release|Any CPU
		{80A93F94-301F-4BE2-8F05-77F3EEC1994F}.Ad-Hoc|Any CPU.Build.0 = Release|Any CPU
		{80A93F94-301F-4BE2-8F05-77F3EEC1994F}.Ad-Hoc|ARM.ActiveCfg = Release|Any CPU
		{80A93F94-301F-4BE2-8F05-77F3EEC1994F}.Ad-Hoc|ARM.Build.0 = Release|Any CPU
		{80A93F94-301F-4BE2-8F05-77F3EEC1994F}.Ad-Hoc|iPhone.ActiveCfg = Release|Any CPU
		{80A93F94-301F-4BE2-8F05-77F3EEC1994F}.Ad-Hoc|iPhone.Build.0 = Release|Any CPU
		{80A93F94-301F-4BE2-8F05-77F3EEC1994F}.Ad-Hoc|iPhoneSimulator.ActiveCfg = Release|Any CPU
		{80A93F94-301F-4BE2-8F05-77F3EEC1994F}.Ad-Hoc|iPhoneSimulator.Build.0 = Release|Any CPU
		{80A93F94-301F-4BE2-8F05-77F3EEC1994F}.Ad-Hoc|x64.ActiveCfg = Release|Any CPU
		{80A93F94-301F-4BE2-8F05-77F3EEC1994F}.Ad-Hoc|x64.Build.0 = Release|Any CPU
		{80A93F94-301F-4BE2-8F05-77F3EEC1994F}.Ad-Hoc|x86.ActiveCfg = Release|Any CPU
		{80A93F94-301F-4BE2-8F05-77F3EEC1994F}.Ad-Hoc|x86.Build.0 = Release|Any CPU
		{80A93F94-301F-4BE2-8F05-77F3EEC1994F}.AppStore|Any CPU.ActiveCfg = Release|Any CPU
		{80A93F94-301F-4BE2-8F05-77F3EEC1994F}.AppStore|Any CPU.Build.0 = Release|Any CPU
		{80A93F94-301F-4BE2-8F05-77F3EEC1994F}.AppStore|ARM.ActiveCfg = Release|Any CPU
		{80A93F94-301F-4BE2-8F05-77F3EEC1994F}.AppStore|ARM.Build.0 = Release|Any CPU
		{80A93F94-301F-4BE2-8F05-77F3EEC1994F}.AppStore|iPhone.ActiveCfg = Release|Any CPU
		{80A93F94-301F-4BE2-8F05-77F3EEC1994F}.AppStore|iPhone.Build.0 = Release|Any CPU
		{80A93F94-301F-4BE2-8F05-77F3EEC1994F}.AppStore|iPhoneSimulator.ActiveCfg = Release|Any CPU
		{80A93F94-301F-4BE2-8F05-77F3EEC1994F}.AppStore|iPhoneSimulator.Build.0 = Release|Any CPU
		{80A93F94-301F-4BE2-8F05-77F3EEC1994F}.AppStore|x64.ActiveCfg = Release|Any CPU
		{80A93F94-301F-4BE2-8F05-77F3EEC1994F}.AppStore|x64.Build.0 = Release|Any CPU
		{80A93F94-301F-4BE2-8F05-77F3EEC1994F}.AppStore|x86.ActiveCfg = Release|Any CPU
		{80A93F94-301F-4BE2-8F05-77F3EEC1994F}.AppStore|x86.Build.0 = Release|Any CPU
		{80A93F94-301F-4BE2-8F05-77F3EEC1994F}.Debug|Any CPU.ActiveCfg = Debug|Any CPU
		{80A93F94-301F-4BE2-8F05-77F3EEC1994F}.Debug|Any CPU.Build.0 = Debug|Any CPU
		{80A93F94-301F-4BE2-8F05-77F3EEC1994F}.Debug|ARM.ActiveCfg = Debug|Any CPU
		{80A93F94-301F-4BE2-8F05-77F3EEC1994F}.Debug|ARM.Build.0 = Debug|Any CPU
		{80A93F94-301F-4BE2-8F05-77F3EEC1994F}.Debug|iPhone.ActiveCfg = Debug|Any CPU
		{80A93F94-301F-4BE2-8F05-77F3EEC1994F}.Debug|iPhone.Build.0 = Debug|Any CPU
		{80A93F94-301F-4BE2-8F05-77F3EEC1994F}.Debug|iPhoneSimulator.ActiveCfg = Debug|Any CPU
		{80A93F94-301F-4BE2-8F05-77F3EEC1994F}.Debug|iPhoneSimulator.Build.0 = Debug|Any CPU
		{80A93F94-301F-4BE2-8F05-77F3EEC1994F}.Debug|x64.ActiveCfg = Debug|Any CPU
		{80A93F94-301F-4BE2-8F05-77F3EEC1994F}.Debug|x64.Build.0 = Debug|Any CPU
		{80A93F94-301F-4BE2-8F05-77F3EEC1994F}.Debug|x86.ActiveCfg = Debug|Any CPU
		{80A93F94-301F-4BE2-8F05-77F3EEC1994F}.Debug|x86.Build.0 = Debug|Any CPU
		{80A93F94-301F-4BE2-8F05-77F3EEC1994F}.Release|Any CPU.ActiveCfg = Release|Any CPU
		{80A93F94-301F-4BE2-8F05-77F3EEC1994F}.Release|Any CPU.Build.0 = Release|Any CPU
		{80A93F94-301F-4BE2-8F05-77F3EEC1994F}.Release|ARM.ActiveCfg = Release|Any CPU
		{80A93F94-301F-4BE2-8F05-77F3EEC1994F}.Release|ARM.Build.0 = Release|Any CPU
		{80A93F94-301F-4BE2-8F05-77F3EEC1994F}.Release|iPhone.ActiveCfg = Release|Any CPU
		{80A93F94-301F-4BE2-8F05-77F3EEC1994F}.Release|iPhone.Build.0 = Release|Any CPU
		{80A93F94-301F-4BE2-8F05-77F3EEC1994F}.Release|iPhoneSimulator.ActiveCfg = Release|Any CPU
		{80A93F94-301F-4BE2-8F05-77F3EEC1994F}.Release|iPhoneSimulator.Build.0 = Release|Any CPU
		{80A93F94-301F-4BE2-8F05-77F3EEC1994F}.Release|x64.ActiveCfg = Release|Any CPU
		{80A93F94-301F-4BE2-8F05-77F3EEC1994F}.Release|x64.Build.0 = Release|Any CPU
		{80A93F94-301F-4BE2-8F05-77F3EEC1994F}.Release|x86.ActiveCfg = Release|Any CPU
		{80A93F94-301F-4BE2-8F05-77F3EEC1994F}.Release|x86.Build.0 = Release|Any CPU
		{941E2A72-1B87-48C0-B05F-7F6D88267D5D}.Ad-Hoc|Any CPU.ActiveCfg = Release|Any CPU
		{941E2A72-1B87-48C0-B05F-7F6D88267D5D}.Ad-Hoc|Any CPU.Build.0 = Release|Any CPU
		{941E2A72-1B87-48C0-B05F-7F6D88267D5D}.Ad-Hoc|Any CPU.Deploy.0 = Release|Any CPU
		{941E2A72-1B87-48C0-B05F-7F6D88267D5D}.Ad-Hoc|ARM.ActiveCfg = Release|Any CPU
		{941E2A72-1B87-48C0-B05F-7F6D88267D5D}.Ad-Hoc|ARM.Build.0 = Release|Any CPU
		{941E2A72-1B87-48C0-B05F-7F6D88267D5D}.Ad-Hoc|ARM.Deploy.0 = Release|Any CPU
		{941E2A72-1B87-48C0-B05F-7F6D88267D5D}.Ad-Hoc|iPhone.ActiveCfg = Release|Any CPU
		{941E2A72-1B87-48C0-B05F-7F6D88267D5D}.Ad-Hoc|iPhone.Build.0 = Release|Any CPU
		{941E2A72-1B87-48C0-B05F-7F6D88267D5D}.Ad-Hoc|iPhone.Deploy.0 = Release|Any CPU
		{941E2A72-1B87-48C0-B05F-7F6D88267D5D}.Ad-Hoc|iPhoneSimulator.ActiveCfg = Release|Any CPU
		{941E2A72-1B87-48C0-B05F-7F6D88267D5D}.Ad-Hoc|iPhoneSimulator.Build.0 = Release|Any CPU
		{941E2A72-1B87-48C0-B05F-7F6D88267D5D}.Ad-Hoc|iPhoneSimulator.Deploy.0 = Release|Any CPU
		{941E2A72-1B87-48C0-B05F-7F6D88267D5D}.Ad-Hoc|x64.ActiveCfg = Release|Any CPU
		{941E2A72-1B87-48C0-B05F-7F6D88267D5D}.Ad-Hoc|x64.Build.0 = Release|Any CPU
		{941E2A72-1B87-48C0-B05F-7F6D88267D5D}.Ad-Hoc|x64.Deploy.0 = Release|Any CPU
		{941E2A72-1B87-48C0-B05F-7F6D88267D5D}.Ad-Hoc|x86.ActiveCfg = Release|Any CPU
		{941E2A72-1B87-48C0-B05F-7F6D88267D5D}.Ad-Hoc|x86.Build.0 = Release|Any CPU
		{941E2A72-1B87-48C0-B05F-7F6D88267D5D}.Ad-Hoc|x86.Deploy.0 = Release|Any CPU
		{941E2A72-1B87-48C0-B05F-7F6D88267D5D}.AppStore|Any CPU.ActiveCfg = Release|Any CPU
		{941E2A72-1B87-48C0-B05F-7F6D88267D5D}.AppStore|Any CPU.Build.0 = Release|Any CPU
		{941E2A72-1B87-48C0-B05F-7F6D88267D5D}.AppStore|Any CPU.Deploy.0 = Release|Any CPU
		{941E2A72-1B87-48C0-B05F-7F6D88267D5D}.AppStore|ARM.ActiveCfg = Release|Any CPU
		{941E2A72-1B87-48C0-B05F-7F6D88267D5D}.AppStore|ARM.Build.0 = Release|Any CPU
		{941E2A72-1B87-48C0-B05F-7F6D88267D5D}.AppStore|ARM.Deploy.0 = Release|Any CPU
		{941E2A72-1B87-48C0-B05F-7F6D88267D5D}.AppStore|iPhone.ActiveCfg = Release|Any CPU
		{941E2A72-1B87-48C0-B05F-7F6D88267D5D}.AppStore|iPhone.Build.0 = Release|Any CPU
		{941E2A72-1B87-48C0-B05F-7F6D88267D5D}.AppStore|iPhone.Deploy.0 = Release|Any CPU
		{941E2A72-1B87-48C0-B05F-7F6D88267D5D}.AppStore|iPhoneSimulator.ActiveCfg = Release|Any CPU
		{941E2A72-1B87-48C0-B05F-7F6D88267D5D}.AppStore|iPhoneSimulator.Build.0 = Release|Any CPU
		{941E2A72-1B87-48C0-B05F-7F6D88267D5D}.AppStore|iPhoneSimulator.Deploy.0 = Release|Any CPU
		{941E2A72-1B87-48C0-B05F-7F6D88267D5D}.AppStore|x64.ActiveCfg = Release|Any CPU
		{941E2A72-1B87-48C0-B05F-7F6D88267D5D}.AppStore|x64.Build.0 = Release|Any CPU
		{941E2A72-1B87-48C0-B05F-7F6D88267D5D}.AppStore|x64.Deploy.0 = Release|Any CPU
		{941E2A72-1B87-48C0-B05F-7F6D88267D5D}.AppStore|x86.ActiveCfg = Release|Any CPU
		{941E2A72-1B87-48C0-B05F-7F6D88267D5D}.AppStore|x86.Build.0 = Release|Any CPU
		{941E2A72-1B87-48C0-B05F-7F6D88267D5D}.AppStore|x86.Deploy.0 = Release|Any CPU
		{941E2A72-1B87-48C0-B05F-7F6D88267D5D}.Debug|Any CPU.ActiveCfg = Debug|Any CPU
		{941E2A72-1B87-48C0-B05F-7F6D88267D5D}.Debug|Any CPU.Build.0 = Debug|Any CPU
		{941E2A72-1B87-48C0-B05F-7F6D88267D5D}.Debug|Any CPU.Deploy.0 = Debug|Any CPU
		{941E2A72-1B87-48C0-B05F-7F6D88267D5D}.Debug|ARM.ActiveCfg = Debug|Any CPU
		{941E2A72-1B87-48C0-B05F-7F6D88267D5D}.Debug|ARM.Build.0 = Debug|Any CPU
		{941E2A72-1B87-48C0-B05F-7F6D88267D5D}.Debug|ARM.Deploy.0 = Debug|Any CPU
		{941E2A72-1B87-48C0-B05F-7F6D88267D5D}.Debug|iPhone.ActiveCfg = Debug|Any CPU
		{941E2A72-1B87-48C0-B05F-7F6D88267D5D}.Debug|iPhone.Build.0 = Debug|Any CPU
		{941E2A72-1B87-48C0-B05F-7F6D88267D5D}.Debug|iPhone.Deploy.0 = Debug|Any CPU
		{941E2A72-1B87-48C0-B05F-7F6D88267D5D}.Debug|iPhoneSimulator.ActiveCfg = Debug|Any CPU
		{941E2A72-1B87-48C0-B05F-7F6D88267D5D}.Debug|iPhoneSimulator.Build.0 = Debug|Any CPU
		{941E2A72-1B87-48C0-B05F-7F6D88267D5D}.Debug|iPhoneSimulator.Deploy.0 = Debug|Any CPU
		{941E2A72-1B87-48C0-B05F-7F6D88267D5D}.Debug|x64.ActiveCfg = Debug|Any CPU
		{941E2A72-1B87-48C0-B05F-7F6D88267D5D}.Debug|x64.Build.0 = Debug|Any CPU
		{941E2A72-1B87-48C0-B05F-7F6D88267D5D}.Debug|x64.Deploy.0 = Debug|Any CPU
		{941E2A72-1B87-48C0-B05F-7F6D88267D5D}.Debug|x86.ActiveCfg = Debug|Any CPU
		{941E2A72-1B87-48C0-B05F-7F6D88267D5D}.Debug|x86.Build.0 = Debug|Any CPU
		{941E2A72-1B87-48C0-B05F-7F6D88267D5D}.Debug|x86.Deploy.0 = Debug|Any CPU
		{941E2A72-1B87-48C0-B05F-7F6D88267D5D}.Release|Any CPU.ActiveCfg = Release|Any CPU
		{941E2A72-1B87-48C0-B05F-7F6D88267D5D}.Release|Any CPU.Build.0 = Release|Any CPU
		{941E2A72-1B87-48C0-B05F-7F6D88267D5D}.Release|Any CPU.Deploy.0 = Release|Any CPU
		{941E2A72-1B87-48C0-B05F-7F6D88267D5D}.Release|ARM.ActiveCfg = Release|Any CPU
		{941E2A72-1B87-48C0-B05F-7F6D88267D5D}.Release|ARM.Build.0 = Release|Any CPU
		{941E2A72-1B87-48C0-B05F-7F6D88267D5D}.Release|ARM.Deploy.0 = Release|Any CPU
		{941E2A72-1B87-48C0-B05F-7F6D88267D5D}.Release|iPhone.ActiveCfg = Release|Any CPU
		{941E2A72-1B87-48C0-B05F-7F6D88267D5D}.Release|iPhone.Build.0 = Release|Any CPU
		{941E2A72-1B87-48C0-B05F-7F6D88267D5D}.Release|iPhone.Deploy.0 = Release|Any CPU
		{941E2A72-1B87-48C0-B05F-7F6D88267D5D}.Release|iPhoneSimulator.ActiveCfg = Release|Any CPU
		{941E2A72-1B87-48C0-B05F-7F6D88267D5D}.Release|iPhoneSimulator.Build.0 = Release|Any CPU
		{941E2A72-1B87-48C0-B05F-7F6D88267D5D}.Release|iPhoneSimulator.Deploy.0 = Release|Any CPU
		{941E2A72-1B87-48C0-B05F-7F6D88267D5D}.Release|x64.ActiveCfg = Release|Any CPU
		{941E2A72-1B87-48C0-B05F-7F6D88267D5D}.Release|x64.Build.0 = Release|Any CPU
		{941E2A72-1B87-48C0-B05F-7F6D88267D5D}.Release|x64.Deploy.0 = Release|Any CPU
		{941E2A72-1B87-48C0-B05F-7F6D88267D5D}.Release|x86.ActiveCfg = Release|Any CPU
		{941E2A72-1B87-48C0-B05F-7F6D88267D5D}.Release|x86.Build.0 = Release|Any CPU
		{941E2A72-1B87-48C0-B05F-7F6D88267D5D}.Release|x86.Deploy.0 = Release|Any CPU
		{64CA2445-F6A7-4165-94B6-25A3451E7E5D}.Ad-Hoc|Any CPU.ActiveCfg = Ad-Hoc|iPhone
		{64CA2445-F6A7-4165-94B6-25A3451E7E5D}.Ad-Hoc|ARM.ActiveCfg = Ad-Hoc|iPhone
		{64CA2445-F6A7-4165-94B6-25A3451E7E5D}.Ad-Hoc|iPhone.ActiveCfg = Ad-Hoc|iPhone
		{64CA2445-F6A7-4165-94B6-25A3451E7E5D}.Ad-Hoc|iPhone.Build.0 = Ad-Hoc|iPhone
		{64CA2445-F6A7-4165-94B6-25A3451E7E5D}.Ad-Hoc|iPhoneSimulator.ActiveCfg = Ad-Hoc|iPhoneSimulator
		{64CA2445-F6A7-4165-94B6-25A3451E7E5D}.Ad-Hoc|iPhoneSimulator.Build.0 = Ad-Hoc|iPhoneSimulator
		{64CA2445-F6A7-4165-94B6-25A3451E7E5D}.Ad-Hoc|x64.ActiveCfg = Ad-Hoc|iPhone
		{64CA2445-F6A7-4165-94B6-25A3451E7E5D}.Ad-Hoc|x86.ActiveCfg = Ad-Hoc|iPhone
		{64CA2445-F6A7-4165-94B6-25A3451E7E5D}.AppStore|Any CPU.ActiveCfg = AppStore|iPhone
		{64CA2445-F6A7-4165-94B6-25A3451E7E5D}.AppStore|ARM.ActiveCfg = AppStore|iPhone
		{64CA2445-F6A7-4165-94B6-25A3451E7E5D}.AppStore|iPhone.ActiveCfg = AppStore|iPhone
		{64CA2445-F6A7-4165-94B6-25A3451E7E5D}.AppStore|iPhone.Build.0 = AppStore|iPhone
		{64CA2445-F6A7-4165-94B6-25A3451E7E5D}.AppStore|iPhoneSimulator.ActiveCfg = AppStore|iPhoneSimulator
		{64CA2445-F6A7-4165-94B6-25A3451E7E5D}.AppStore|iPhoneSimulator.Build.0 = AppStore|iPhoneSimulator
		{64CA2445-F6A7-4165-94B6-25A3451E7E5D}.AppStore|x64.ActiveCfg = AppStore|iPhone
		{64CA2445-F6A7-4165-94B6-25A3451E7E5D}.AppStore|x86.ActiveCfg = AppStore|iPhone
		{64CA2445-F6A7-4165-94B6-25A3451E7E5D}.Debug|Any CPU.ActiveCfg = Debug|iPhone
		{64CA2445-F6A7-4165-94B6-25A3451E7E5D}.Debug|ARM.ActiveCfg = Debug|iPhone
		{64CA2445-F6A7-4165-94B6-25A3451E7E5D}.Debug|iPhone.ActiveCfg = Debug|iPhone
		{64CA2445-F6A7-4165-94B6-25A3451E7E5D}.Debug|iPhone.Build.0 = Debug|iPhone
		{64CA2445-F6A7-4165-94B6-25A3451E7E5D}.Debug|iPhoneSimulator.ActiveCfg = Debug|iPhoneSimulator
		{64CA2445-F6A7-4165-94B6-25A3451E7E5D}.Debug|iPhoneSimulator.Build.0 = Debug|iPhoneSimulator
		{64CA2445-F6A7-4165-94B6-25A3451E7E5D}.Debug|x64.ActiveCfg = Debug|iPhone
		{64CA2445-F6A7-4165-94B6-25A3451E7E5D}.Debug|x86.ActiveCfg = Debug|iPhone
		{64CA2445-F6A7-4165-94B6-25A3451E7E5D}.Release|Any CPU.ActiveCfg = Release|iPhone
		{64CA2445-F6A7-4165-94B6-25A3451E7E5D}.Release|ARM.ActiveCfg = Release|iPhone
		{64CA2445-F6A7-4165-94B6-25A3451E7E5D}.Release|iPhone.ActiveCfg = Release|iPhone
		{64CA2445-F6A7-4165-94B6-25A3451E7E5D}.Release|iPhone.Build.0 = Release|iPhone
		{64CA2445-F6A7-4165-94B6-25A3451E7E5D}.Release|iPhoneSimulator.ActiveCfg = Release|iPhoneSimulator
		{64CA2445-F6A7-4165-94B6-25A3451E7E5D}.Release|iPhoneSimulator.Build.0 = Release|iPhoneSimulator
		{64CA2445-F6A7-4165-94B6-25A3451E7E5D}.Release|x64.ActiveCfg = Release|iPhone
		{64CA2445-F6A7-4165-94B6-25A3451E7E5D}.Release|x86.ActiveCfg = Release|iPhone
		{03881151-0AFC-438A-B501-2A03B84F54BF}.Ad-Hoc|Any CPU.ActiveCfg = Release|Any CPU
		{03881151-0AFC-438A-B501-2A03B84F54BF}.Ad-Hoc|Any CPU.Build.0 = Release|Any CPU
		{03881151-0AFC-438A-B501-2A03B84F54BF}.Ad-Hoc|Any CPU.Deploy.0 = Release|Any CPU
		{03881151-0AFC-438A-B501-2A03B84F54BF}.Ad-Hoc|ARM.ActiveCfg = Release|ARM
		{03881151-0AFC-438A-B501-2A03B84F54BF}.Ad-Hoc|ARM.Build.0 = Release|ARM
		{03881151-0AFC-438A-B501-2A03B84F54BF}.Ad-Hoc|ARM.Deploy.0 = Release|ARM
		{03881151-0AFC-438A-B501-2A03B84F54BF}.Ad-Hoc|iPhone.ActiveCfg = Release|Any CPU
		{03881151-0AFC-438A-B501-2A03B84F54BF}.Ad-Hoc|iPhone.Build.0 = Release|Any CPU
		{03881151-0AFC-438A-B501-2A03B84F54BF}.Ad-Hoc|iPhone.Deploy.0 = Release|Any CPU
		{03881151-0AFC-438A-B501-2A03B84F54BF}.Ad-Hoc|iPhoneSimulator.ActiveCfg = Release|Any CPU
		{03881151-0AFC-438A-B501-2A03B84F54BF}.Ad-Hoc|iPhoneSimulator.Build.0 = Release|Any CPU
		{03881151-0AFC-438A-B501-2A03B84F54BF}.Ad-Hoc|iPhoneSimulator.Deploy.0 = Release|Any CPU
		{03881151-0AFC-438A-B501-2A03B84F54BF}.Ad-Hoc|x64.ActiveCfg = Release|Any CPU
		{03881151-0AFC-438A-B501-2A03B84F54BF}.Ad-Hoc|x64.Build.0 = Release|Any CPU
		{03881151-0AFC-438A-B501-2A03B84F54BF}.Ad-Hoc|x64.Deploy.0 = Release|Any CPU
		{03881151-0AFC-438A-B501-2A03B84F54BF}.Ad-Hoc|x86.ActiveCfg = Release|x86
		{03881151-0AFC-438A-B501-2A03B84F54BF}.Ad-Hoc|x86.Build.0 = Release|x86
		{03881151-0AFC-438A-B501-2A03B84F54BF}.Ad-Hoc|x86.Deploy.0 = Release|x86
		{03881151-0AFC-438A-B501-2A03B84F54BF}.AppStore|Any CPU.ActiveCfg = Release|Any CPU
		{03881151-0AFC-438A-B501-2A03B84F54BF}.AppStore|Any CPU.Build.0 = Release|Any CPU
		{03881151-0AFC-438A-B501-2A03B84F54BF}.AppStore|Any CPU.Deploy.0 = Release|Any CPU
		{03881151-0AFC-438A-B501-2A03B84F54BF}.AppStore|ARM.ActiveCfg = Release|ARM
		{03881151-0AFC-438A-B501-2A03B84F54BF}.AppStore|ARM.Build.0 = Release|ARM
		{03881151-0AFC-438A-B501-2A03B84F54BF}.AppStore|ARM.Deploy.0 = Release|ARM
		{03881151-0AFC-438A-B501-2A03B84F54BF}.AppStore|iPhone.ActiveCfg = Release|Any CPU
		{03881151-0AFC-438A-B501-2A03B84F54BF}.AppStore|iPhone.Build.0 = Release|Any CPU
		{03881151-0AFC-438A-B501-2A03B84F54BF}.AppStore|iPhone.Deploy.0 = Release|Any CPU
		{03881151-0AFC-438A-B501-2A03B84F54BF}.AppStore|iPhoneSimulator.ActiveCfg = Release|Any CPU
		{03881151-0AFC-438A-B501-2A03B84F54BF}.AppStore|iPhoneSimulator.Build.0 = Release|Any CPU
		{03881151-0AFC-438A-B501-2A03B84F54BF}.AppStore|iPhoneSimulator.Deploy.0 = Release|Any CPU
		{03881151-0AFC-438A-B501-2A03B84F54BF}.AppStore|x64.ActiveCfg = Release|Any CPU
		{03881151-0AFC-438A-B501-2A03B84F54BF}.AppStore|x64.Build.0 = Release|Any CPU
		{03881151-0AFC-438A-B501-2A03B84F54BF}.AppStore|x64.Deploy.0 = Release|Any CPU
		{03881151-0AFC-438A-B501-2A03B84F54BF}.AppStore|x86.ActiveCfg = Release|x86
		{03881151-0AFC-438A-B501-2A03B84F54BF}.AppStore|x86.Build.0 = Release|x86
		{03881151-0AFC-438A-B501-2A03B84F54BF}.AppStore|x86.Deploy.0 = Release|x86
		{03881151-0AFC-438A-B501-2A03B84F54BF}.Debug|Any CPU.ActiveCfg = Debug|Any CPU
		{03881151-0AFC-438A-B501-2A03B84F54BF}.Debug|Any CPU.Build.0 = Debug|Any CPU
		{03881151-0AFC-438A-B501-2A03B84F54BF}.Debug|Any CPU.Deploy.0 = Debug|Any CPU
		{03881151-0AFC-438A-B501-2A03B84F54BF}.Debug|ARM.ActiveCfg = Debug|ARM
		{03881151-0AFC-438A-B501-2A03B84F54BF}.Debug|ARM.Build.0 = Debug|ARM
		{03881151-0AFC-438A-B501-2A03B84F54BF}.Debug|ARM.Deploy.0 = Debug|ARM
		{03881151-0AFC-438A-B501-2A03B84F54BF}.Debug|iPhone.ActiveCfg = Debug|Any CPU
		{03881151-0AFC-438A-B501-2A03B84F54BF}.Debug|iPhone.Build.0 = Debug|Any CPU
		{03881151-0AFC-438A-B501-2A03B84F54BF}.Debug|iPhone.Deploy.0 = Debug|Any CPU
		{03881151-0AFC-438A-B501-2A03B84F54BF}.Debug|iPhoneSimulator.ActiveCfg = Debug|Any CPU
		{03881151-0AFC-438A-B501-2A03B84F54BF}.Debug|iPhoneSimulator.Build.0 = Debug|Any CPU
		{03881151-0AFC-438A-B501-2A03B84F54BF}.Debug|iPhoneSimulator.Deploy.0 = Debug|Any CPU
		{03881151-0AFC-438A-B501-2A03B84F54BF}.Debug|x64.ActiveCfg = Debug|Any CPU
		{03881151-0AFC-438A-B501-2A03B84F54BF}.Debug|x64.Build.0 = Debug|Any CPU
		{03881151-0AFC-438A-B501-2A03B84F54BF}.Debug|x64.Deploy.0 = Debug|Any CPU
		{03881151-0AFC-438A-B501-2A03B84F54BF}.Debug|x86.ActiveCfg = Debug|x86
		{03881151-0AFC-438A-B501-2A03B84F54BF}.Debug|x86.Build.0 = Debug|x86
		{03881151-0AFC-438A-B501-2A03B84F54BF}.Debug|x86.Deploy.0 = Debug|x86
		{03881151-0AFC-438A-B501-2A03B84F54BF}.Release|Any CPU.ActiveCfg = Release|Any CPU
		{03881151-0AFC-438A-B501-2A03B84F54BF}.Release|Any CPU.Build.0 = Release|Any CPU
		{03881151-0AFC-438A-B501-2A03B84F54BF}.Release|Any CPU.Deploy.0 = Release|Any CPU
		{03881151-0AFC-438A-B501-2A03B84F54BF}.Release|ARM.ActiveCfg = Release|ARM
		{03881151-0AFC-438A-B501-2A03B84F54BF}.Release|ARM.Build.0 = Release|ARM
		{03881151-0AFC-438A-B501-2A03B84F54BF}.Release|ARM.Deploy.0 = Release|ARM
		{03881151-0AFC-438A-B501-2A03B84F54BF}.Release|iPhone.ActiveCfg = Release|Any CPU
		{03881151-0AFC-438A-B501-2A03B84F54BF}.Release|iPhone.Build.0 = Release|Any CPU
		{03881151-0AFC-438A-B501-2A03B84F54BF}.Release|iPhone.Deploy.0 = Release|Any CPU
		{03881151-0AFC-438A-B501-2A03B84F54BF}.Release|iPhoneSimulator.ActiveCfg = Release|Any CPU
		{03881151-0AFC-438A-B501-2A03B84F54BF}.Release|iPhoneSimulator.Build.0 = Release|Any CPU
		{03881151-0AFC-438A-B501-2A03B84F54BF}.Release|iPhoneSimulator.Deploy.0 = Release|Any CPU
		{03881151-0AFC-438A-B501-2A03B84F54BF}.Release|x64.ActiveCfg = Release|Any CPU
		{03881151-0AFC-438A-B501-2A03B84F54BF}.Release|x64.Build.0 = Release|Any CPU
		{03881151-0AFC-438A-B501-2A03B84F54BF}.Release|x64.Deploy.0 = Release|Any CPU
		{03881151-0AFC-438A-B501-2A03B84F54BF}.Release|x86.ActiveCfg = Release|x86
		{03881151-0AFC-438A-B501-2A03B84F54BF}.Release|x86.Build.0 = Release|x86
		{03881151-0AFC-438A-B501-2A03B84F54BF}.Release|x86.Deploy.0 = Release|x86
		{B40FCE6A-097F-43DB-8C49-35C3A90A900C}.Ad-Hoc|Any CPU.ActiveCfg = Release|Any CPU
		{B40FCE6A-097F-43DB-8C49-35C3A90A900C}.Ad-Hoc|Any CPU.Build.0 = Release|Any CPU
		{B40FCE6A-097F-43DB-8C49-35C3A90A900C}.Ad-Hoc|Any CPU.Deploy.0 = Release|Any CPU
		{B40FCE6A-097F-43DB-8C49-35C3A90A900C}.Ad-Hoc|ARM.ActiveCfg = Release|ARM
		{B40FCE6A-097F-43DB-8C49-35C3A90A900C}.Ad-Hoc|ARM.Build.0 = Release|ARM
		{B40FCE6A-097F-43DB-8C49-35C3A90A900C}.Ad-Hoc|ARM.Deploy.0 = Release|ARM
		{B40FCE6A-097F-43DB-8C49-35C3A90A900C}.Ad-Hoc|iPhone.ActiveCfg = Release|Any CPU
		{B40FCE6A-097F-43DB-8C49-35C3A90A900C}.Ad-Hoc|iPhone.Build.0 = Release|Any CPU
		{B40FCE6A-097F-43DB-8C49-35C3A90A900C}.Ad-Hoc|iPhone.Deploy.0 = Release|Any CPU
		{B40FCE6A-097F-43DB-8C49-35C3A90A900C}.Ad-Hoc|iPhoneSimulator.ActiveCfg = Release|Any CPU
		{B40FCE6A-097F-43DB-8C49-35C3A90A900C}.Ad-Hoc|iPhoneSimulator.Build.0 = Release|Any CPU
		{B40FCE6A-097F-43DB-8C49-35C3A90A900C}.Ad-Hoc|iPhoneSimulator.Deploy.0 = Release|Any CPU
		{B40FCE6A-097F-43DB-8C49-35C3A90A900C}.Ad-Hoc|x64.ActiveCfg = Release|x64
		{B40FCE6A-097F-43DB-8C49-35C3A90A900C}.Ad-Hoc|x64.Build.0 = Release|x64
		{B40FCE6A-097F-43DB-8C49-35C3A90A900C}.Ad-Hoc|x64.Deploy.0 = Release|x64
		{B40FCE6A-097F-43DB-8C49-35C3A90A900C}.Ad-Hoc|x86.ActiveCfg = Release|x86
		{B40FCE6A-097F-43DB-8C49-35C3A90A900C}.Ad-Hoc|x86.Build.0 = Release|x86
		{B40FCE6A-097F-43DB-8C49-35C3A90A900C}.Ad-Hoc|x86.Deploy.0 = Release|x86
		{B40FCE6A-097F-43DB-8C49-35C3A90A900C}.AppStore|Any CPU.ActiveCfg = Release|Any CPU
		{B40FCE6A-097F-43DB-8C49-35C3A90A900C}.AppStore|Any CPU.Build.0 = Release|Any CPU
		{B40FCE6A-097F-43DB-8C49-35C3A90A900C}.AppStore|Any CPU.Deploy.0 = Release|Any CPU
		{B40FCE6A-097F-43DB-8C49-35C3A90A900C}.AppStore|ARM.ActiveCfg = Release|ARM
		{B40FCE6A-097F-43DB-8C49-35C3A90A900C}.AppStore|ARM.Build.0 = Release|ARM
		{B40FCE6A-097F-43DB-8C49-35C3A90A900C}.AppStore|ARM.Deploy.0 = Release|ARM
		{B40FCE6A-097F-43DB-8C49-35C3A90A900C}.AppStore|iPhone.ActiveCfg = Release|Any CPU
		{B40FCE6A-097F-43DB-8C49-35C3A90A900C}.AppStore|iPhone.Build.0 = Release|Any CPU
		{B40FCE6A-097F-43DB-8C49-35C3A90A900C}.AppStore|iPhone.Deploy.0 = Release|Any CPU
		{B40FCE6A-097F-43DB-8C49-35C3A90A900C}.AppStore|iPhoneSimulator.ActiveCfg = Release|Any CPU
		{B40FCE6A-097F-43DB-8C49-35C3A90A900C}.AppStore|iPhoneSimulator.Build.0 = Release|Any CPU
		{B40FCE6A-097F-43DB-8C49-35C3A90A900C}.AppStore|iPhoneSimulator.Deploy.0 = Release|Any CPU
		{B40FCE6A-097F-43DB-8C49-35C3A90A900C}.AppStore|x64.ActiveCfg = Release|x64
		{B40FCE6A-097F-43DB-8C49-35C3A90A900C}.AppStore|x64.Build.0 = Release|x64
		{B40FCE6A-097F-43DB-8C49-35C3A90A900C}.AppStore|x64.Deploy.0 = Release|x64
		{B40FCE6A-097F-43DB-8C49-35C3A90A900C}.AppStore|x86.ActiveCfg = Release|x86
		{B40FCE6A-097F-43DB-8C49-35C3A90A900C}.AppStore|x86.Build.0 = Release|x86
		{B40FCE6A-097F-43DB-8C49-35C3A90A900C}.AppStore|x86.Deploy.0 = Release|x86
		{B40FCE6A-097F-43DB-8C49-35C3A90A900C}.Debug|Any CPU.ActiveCfg = Debug|Any CPU
		{B40FCE6A-097F-43DB-8C49-35C3A90A900C}.Debug|Any CPU.Build.0 = Debug|Any CPU
		{B40FCE6A-097F-43DB-8C49-35C3A90A900C}.Debug|Any CPU.Deploy.0 = Debug|Any CPU
		{B40FCE6A-097F-43DB-8C49-35C3A90A900C}.Debug|ARM.ActiveCfg = Debug|ARM
		{B40FCE6A-097F-43DB-8C49-35C3A90A900C}.Debug|ARM.Build.0 = Debug|ARM
		{B40FCE6A-097F-43DB-8C49-35C3A90A900C}.Debug|ARM.Deploy.0 = Debug|ARM
		{B40FCE6A-097F-43DB-8C49-35C3A90A900C}.Debug|iPhone.ActiveCfg = Debug|Any CPU
		{B40FCE6A-097F-43DB-8C49-35C3A90A900C}.Debug|iPhone.Build.0 = Debug|Any CPU
		{B40FCE6A-097F-43DB-8C49-35C3A90A900C}.Debug|iPhone.Deploy.0 = Debug|Any CPU
		{B40FCE6A-097F-43DB-8C49-35C3A90A900C}.Debug|iPhoneSimulator.ActiveCfg = Debug|Any CPU
		{B40FCE6A-097F-43DB-8C49-35C3A90A900C}.Debug|iPhoneSimulator.Build.0 = Debug|Any CPU
		{B40FCE6A-097F-43DB-8C49-35C3A90A900C}.Debug|iPhoneSimulator.Deploy.0 = Debug|Any CPU
		{B40FCE6A-097F-43DB-8C49-35C3A90A900C}.Debug|x64.ActiveCfg = Debug|x64
		{B40FCE6A-097F-43DB-8C49-35C3A90A900C}.Debug|x64.Build.0 = Debug|x64
		{B40FCE6A-097F-43DB-8C49-35C3A90A900C}.Debug|x64.Deploy.0 = Debug|x64
		{B40FCE6A-097F-43DB-8C49-35C3A90A900C}.Debug|x86.ActiveCfg = Debug|x86
		{B40FCE6A-097F-43DB-8C49-35C3A90A900C}.Debug|x86.Build.0 = Debug|x86
		{B40FCE6A-097F-43DB-8C49-35C3A90A900C}.Debug|x86.Deploy.0 = Debug|x86
		{B40FCE6A-097F-43DB-8C49-35C3A90A900C}.Release|Any CPU.ActiveCfg = Release|Any CPU
		{B40FCE6A-097F-43DB-8C49-35C3A90A900C}.Release|Any CPU.Build.0 = Release|Any CPU
		{B40FCE6A-097F-43DB-8C49-35C3A90A900C}.Release|Any CPU.Deploy.0 = Release|Any CPU
		{B40FCE6A-097F-43DB-8C49-35C3A90A900C}.Release|ARM.ActiveCfg = Release|ARM
		{B40FCE6A-097F-43DB-8C49-35C3A90A900C}.Release|ARM.Build.0 = Release|ARM
		{B40FCE6A-097F-43DB-8C49-35C3A90A900C}.Release|ARM.Deploy.0 = Release|ARM
		{B40FCE6A-097F-43DB-8C49-35C3A90A900C}.Release|iPhone.ActiveCfg = Release|Any CPU
		{B40FCE6A-097F-43DB-8C49-35C3A90A900C}.Release|iPhone.Build.0 = Release|Any CPU
		{B40FCE6A-097F-43DB-8C49-35C3A90A900C}.Release|iPhone.Deploy.0 = Release|Any CPU
		{B40FCE6A-097F-43DB-8C49-35C3A90A900C}.Release|iPhoneSimulator.ActiveCfg = Release|Any CPU
		{B40FCE6A-097F-43DB-8C49-35C3A90A900C}.Release|iPhoneSimulator.Build.0 = Release|Any CPU
		{B40FCE6A-097F-43DB-8C49-35C3A90A900C}.Release|iPhoneSimulator.Deploy.0 = Release|Any CPU
		{B40FCE6A-097F-43DB-8C49-35C3A90A900C}.Release|x64.ActiveCfg = Release|x64
		{B40FCE6A-097F-43DB-8C49-35C3A90A900C}.Release|x64.Build.0 = Release|x64
		{B40FCE6A-097F-43DB-8C49-35C3A90A900C}.Release|x64.Deploy.0 = Release|x64
		{B40FCE6A-097F-43DB-8C49-35C3A90A900C}.Release|x86.ActiveCfg = Release|x86
		{B40FCE6A-097F-43DB-8C49-35C3A90A900C}.Release|x86.Build.0 = Release|x86
		{B40FCE6A-097F-43DB-8C49-35C3A90A900C}.Release|x86.Deploy.0 = Release|x86
	EndGlobalSection
	GlobalSection(SolutionProperties) = preSolution
		HideSolutionNode = FALSE
	EndGlobalSection
EndGlobal
